PODS:
  - Nimble (8.0.1)
  - Quick (2.1.0)

DEPENDENCIES:
  - Nimble (from `https://github.com/Quick/Nimble.git`)
  - Quick

SPEC REPOS:
  https://github.com/cocoapods/specs.git:
    - Quick

EXTERNAL SOURCES:
  Nimble:
    :git: https://github.com/Quick/Nimble.git

CHECKOUT OPTIONS:
  Nimble:
    :commit: b1ebf4d6773a38d53f874ad17743aed917803484
    :git: https://github.com/Quick/Nimble.git

SPEC CHECKSUMS:
  Nimble: 45f786ae66faa9a709624227fae502db55a8bdd0
  Quick: 4be43f6634acfa727dd106bdf3929ce125ffa79d

PODFILE CHECKSUM: 8b6b8e315a9146a994b9d9e32eb82bb1c930579d

COCOAPODS: 1.6.1
